{
  "name": "sddp-chrome",
  "version": "1.0.0",
  "lockfileVersion": 1,
  "requires": true,
  "dependencies": {
    "ddp.js": {
      "version": "2.2.1",
      "resolved": "https://registry.npmjs.org/ddp.js/-/ddp.js-2.2.1.tgz",
      "integrity": "sha512-hVcJMnYYd+V17zjxBeoHEF9BHxliY+BCTgtT8Oq0QiIfffLT1C4wtHstfWHBbWRG6uoe/eW6IdmKVJ490/pG5g==",
      "requires": {
        "wolfy87-eventemitter": "^5.2.3"
      }
    },
    "simpleddp": {
      "version": "1.1.10",
      "resolved": "https://registry.npmjs.org/simpleddp/-/simpleddp-1.1.10.tgz",
      "integrity": "sha512-LJAOuePqcqf+yya7qRIBwU0BOklfUTmjHoZ7Qt7p2WS9ZJxfR3iCyGa9OP7jSatGqca71Y2SOLpDn5cCzdWBtA==",
      "requires": {
        "ddp.js": "^2.2.1"
      }
    },
    "wolfy87-eventemitter": {
      "version": "5.2.5",
      "resolved": "https://registry.npmjs.org/wolfy87-eventemitter/-/wolfy87-eventemitter-5.2.5.tgz",
      "integrity": "sha512-1Og5JkuMNZfZcDn76HM1ktUqG8MOMWKpaGdExM1pcTloUNSBkx4Mti3/jRKSTt1vI3P7S8BTkFogqMbc7m3A7Q=="
    }
  }
}
